// !$*UTF8*$!
{
	archiveVersion = 1;
	classes = {
	};
	objectVersion = 56;
	objects = {

/* Begin PBXBuildFile section */
		8289CD5B2CF0AFA20065347F /* LayoutExtension.swift in Sources */ = {isa = PBXBuildFile; fileRef = 8289CD5A2CF0AFA20065347F /* LayoutExtension.swift */; };
		8289CD5D2CF0AFB10065347F /* Extension.swift in Sources */ = {isa = PBXBuildFile; fileRef = 8289CD5C2CF0AFB10065347F /* Extension.swift */; };
		8289CD682CF0B0670065347F /* TitleSubtitleCell.swift in Sources */ = {isa = PBXBuildFile; fileRef = 8289CD672CF0B0670065347F /* TitleSubtitleCell.swift */; };
		8289CD6B2CF0B0A50065347F /* TitleSubtitleProtocol.swift in Sources */ = {isa = PBXBuildFile; fileRef = 8289CD6A2CF0B0A50065347F /* TitleSubtitleProtocol.swift */; };
		8289CD6E2CF0B1740065347F /* BaseViewController.swift in Sources */ = {isa = PBXBuildFile; fileRef = 8289CD6D2CF0B1740065347F /* BaseViewController.swift */; };
		8289CD722CF0DFE70065347F /* CommentDTO.swift in Sources */ = {isa = PBXBuildFile; fileRef = 8289CD712CF0DFE70065347F /* CommentDTO.swift */; };
		8289CD762CF0E89A0065347F /* CoreAPIManager.swift in Sources */ = {isa = PBXBuildFile; fileRef = 8289CD752CF0E89A0065347F /* CoreAPIManager.swift */; };
		8289CD782CF0E9390065347F /* CoreAPIHelper.swift in Sources */ = {isa = PBXBuildFile; fileRef = 8289CD772CF0E9390065347F /* CoreAPIHelper.swift */; };
		8289CD7A2CF0ECA80065347F /* PostDTO.swift in Sources */ = {isa = PBXBuildFile; fileRef = 8289CD792CF0ECA80065347F /* PostDTO.swift */; };
		82C64CE52CF0ADB300961080 /* AppDelegate.swift in Sources */ = {isa = PBXBuildFile; fileRef = 82C64CE42CF0ADB300961080 /* AppDelegate.swift */; };
		82C64CE72CF0ADB300961080 /* SceneDelegate.swift in Sources */ = {isa = PBXBuildFile; fileRef = 82C64CE62CF0ADB300961080 /* SceneDelegate.swift */; };
		82C64CE92CF0ADB300961080 /* MainViewController.swift in Sources */ = {isa = PBXBuildFile; fileRef = 82C64CE82CF0ADB300961080 /* MainViewController.swift */; };
		82C64CF12CF0ADB400961080 /* Assets.xcassets in Resources */ = {isa = PBXBuildFile; fileRef = 82C64CF02CF0ADB400961080 /* Assets.xcassets */; };
		82C64CF42CF0ADB400961080 /* Base in Resources */ = {isa = PBXBuildFile; fileRef = 82C64CF32CF0ADB400961080 /* Base */; };
		82C64CFC2CF0AE4900961080 /* MainViewModel.swift in Sources */ = {isa = PBXBuildFile; fileRef = 82C64CFB2CF0AE4900961080 /* MainViewModel.swift */; };
/* End PBXBuildFile section */

/* Begin PBXFileReference section */
		8289CD5A2CF0AFA20065347F /* LayoutExtension.swift */ = {isa = PBXFileReference; lastKnownFileType = sourcecode.swift; path = LayoutExtension.swift; sourceTree = "<group>"; };
		8289CD5C2CF0AFB10065347F /* Extension.swift */ = {isa = PBXFileReference; lastKnownFileType = sourcecode.swift; path = Extension.swift; sourceTree = "<group>"; };
		8289CD672CF0B0670065347F /* TitleSubtitleCell.swift */ = {isa = PBXFileReference; lastKnownFileType = sourcecode.swift; path = TitleSubtitleCell.swift; sourceTree = "<group>"; };
		8289CD6A2CF0B0A50065347F /* TitleSubtitleProtocol.swift */ = {isa = PBXFileReference; lastKnownFileType = sourcecode.swift; path = TitleSubtitleProtocol.swift; sourceTree = "<group>"; };
		8289CD6D2CF0B1740065347F /* BaseViewController.swift */ = {isa = PBXFileReference; lastKnownFileType = sourcecode.swift; path = BaseViewController.swift; sourceTree = "<group>"; };
		8289CD712CF0DFE70065347F /* CommentDTO.swift */ = {isa = PBXFileReference; lastKnownFileType = sourcecode.swift; path = CommentDTO.swift; sourceTree = "<group>"; };
		8289CD752CF0E89A0065347F /* CoreAPIManager.swift */ = {isa = PBXFileReference; lastKnownFileType = sourcecode.swift; path = CoreAPIManager.swift; sourceTree = "<group>"; };
		8289CD772CF0E9390065347F /* CoreAPIHelper.swift */ = {isa = PBXFileReference; lastKnownFileType = sourcecode.swift; path = CoreAPIHelper.swift; sourceTree = "<group>"; };
		8289CD792CF0ECA80065347F /* PostDTO.swift */ = {isa = PBXFileReference; lastKnownFileType = sourcecode.swift; path = PostDTO.swift; sourceTree = "<group>"; };
		82C64CE12CF0ADB300961080 /* URLSession.app */ = {isa = PBXFileReference; explicitFileType = wrapper.application; includeInIndex = 0; path = URLSession.app; sourceTree = BUILT_PRODUCTS_DIR; };
		82C64CE42CF0ADB300961080 /* AppDelegate.swift */ = {isa = PBXFileReference; lastKnownFileType = sourcecode.swift; path = AppDelegate.swift; sourceTree = "<group>"; };
		82C64CE62CF0ADB300961080 /* SceneDelegate.swift */ = {isa = PBXFileReference; lastKnownFileType = sourcecode.swift; path = SceneDelegate.swift; sourceTree = "<group>"; };
		82C64CE82CF0ADB300961080 /* MainViewController.swift */ = {isa = PBXFileReference; lastKnownFileType = sourcecode.swift; path = MainViewController.swift; sourceTree = "<group>"; };
		82C64CF02CF0ADB400961080 /* Assets.xcassets */ = {isa = PBXFileReference; lastKnownFileType = folder.assetcatalog; path = Assets.xcassets; sourceTree = "<group>"; };
		82C64CF32CF0ADB400961080 /* Base */ = {isa = PBXFileReference; lastKnownFileType = file.storyboard; name = Base; path = Base.lproj/LaunchScreen.storyboard; sourceTree = "<group>"; };
		82C64CF52CF0ADB400961080 /* Info.plist */ = {isa = PBXFileReference; lastKnownFileType = text.plist.xml; path = Info.plist; sourceTree = "<group>"; };
		82C64CFB2CF0AE4900961080 /* MainViewModel.swift */ = {isa = PBXFileReference; lastKnownFileType = sourcecode.swift; path = MainViewModel.swift; sourceTree = "<group>"; };
/* End PBXFileReference section */

/* Begin PBXFrameworksBuildPhase section */
		82C64CDE2CF0ADB300961080 /* Frameworks */ = {
			isa = PBXFrameworksBuildPhase;
			buildActionMask = 2147483647;
			files = (
			);
			runOnlyForDeploymentPostprocessing = 0;
		};
/* End PBXFrameworksBuildPhase section */

/* Begin PBXGroup section */
		8289CD592CF0AF920065347F /* Extension */ = {
			isa = PBXGroup;
			children = (
				8289CD5A2CF0AFA20065347F /* LayoutExtension.swift */,
				8289CD5C2CF0AFB10065347F /* Extension.swift */,
			);
			path = Extension;
			sourceTree = "<group>";
		};
		8289CD5E2CF0AFC10065347F /* App */ = {
			isa = PBXGroup;
			children = (
				82C64CE42CF0ADB300961080 /* AppDelegate.swift */,
				82C64CE62CF0ADB300961080 /* SceneDelegate.swift */,
			);
			path = App;
			sourceTree = "<group>";
		};
		8289CD602CF0AFD40065347F /* Resources */ = {
			isa = PBXGroup;
			children = (
				82C64CF02CF0ADB400961080 /* Assets.xcassets */,
				82C64CF22CF0ADB400961080 /* LaunchScreen.storyboard */,
			);
			path = Resources;
			sourceTree = "<group>";
		};
		8289CD612CF0AFE00065347F /* Presentation */ = {
			isa = PBXGroup;
			children = (
				8289CD6C2CF0B1640065347F /* Core */,
				8289CD622CF0AFF10065347F /* Main */,
			);
			path = Presentation;
			sourceTree = "<group>";
		};
		8289CD622CF0AFF10065347F /* Main */ = {
			isa = PBXGroup;
			children = (
				8289CD642CF0B0080065347F /* Models */,
				8289CD632CF0B0040065347F /* Views */,
				8289CD652CF0B00E0065347F /* ViewModules */,
			);
			path = Main;
			sourceTree = "<group>";
		};
		8289CD632CF0B0040065347F /* Views */ = {
			isa = PBXGroup;
			children = (
				8289CD662CF0B04D0065347F /* Cells */,
			);
			path = Views;
			sourceTree = "<group>";
		};
		8289CD642CF0B0080065347F /* Models */ = {
			isa = PBXGroup;
			children = (
				8289CD6A2CF0B0A50065347F /* TitleSubtitleProtocol.swift */,
				8289CD712CF0DFE70065347F /* CommentDTO.swift */,
				8289CD792CF0ECA80065347F /* PostDTO.swift */,
			);
			path = Models;
			sourceTree = "<group>";
		};
		8289CD652CF0B00E0065347F /* ViewModules */ = {
			isa = PBXGroup;
			children = (
				82C64CFB2CF0AE4900961080 /* MainViewModel.swift */,
				82C64CE82CF0ADB300961080 /* MainViewController.swift */,
			);
			path = ViewModules;
			sourceTree = "<group>";
		};
		8289CD662CF0B04D0065347F /* Cells */ = {
			isa = PBXGroup;
			children = (
				8289CD672CF0B0670065347F /* TitleSubtitleCell.swift */,
			);
			path = Cells;
			sourceTree = "<group>";
		};
		8289CD6C2CF0B1640065347F /* Core */ = {
			isa = PBXGroup;
			children = (
				8289CD6D2CF0B1740065347F /* BaseViewController.swift */,
			);
			path = Core;
			sourceTree = "<group>";
		};
		8289CD732CF0E8660065347F /* NetworkLayer */ = {
			isa = PBXGroup;
			children = (
				8289CD742CF0E88F0065347F /* Core */,
			);
			path = NetworkLayer;
			sourceTree = "<group>";
		};
		8289CD742CF0E88F0065347F /* Core */ = {
			isa = PBXGroup;
			children = (
				8289CD752CF0E89A0065347F /* CoreAPIManager.swift */,
				8289CD772CF0E9390065347F /* CoreAPIHelper.swift */,
			);
			path = Core;
			sourceTree = "<group>";
		};
		82C64CD82CF0ADB300961080 = {
			isa = PBXGroup;
			children = (
				82C64CE32CF0ADB300961080 /* URLSession */,
				82C64CE22CF0ADB300961080 /* Products */,
			);
			sourceTree = "<group>";
		};
		82C64CE22CF0ADB300961080 /* Products */ = {
			isa = PBXGroup;
			children = (
				82C64CE12CF0ADB300961080 /* URLSession.app */,
			);
			name = Products;
			sourceTree = "<group>";
		};
		82C64CE32CF0ADB300961080 /* URLSession */ = {
			isa = PBXGroup;
			children = (
				8289CD5E2CF0AFC10065347F /* App */,
				8289CD732CF0E8660065347F /* NetworkLayer */,
				8289CD612CF0AFE00065347F /* Presentation */,
				8289CD602CF0AFD40065347F /* Resources */,
				8289CD592CF0AF920065347F /* Extension */,
				82C64CF52CF0ADB400961080 /* Info.plist */,
			);
			path = URLSession;
			sourceTree = "<group>";
		};
/* End PBXGroup section */

/* Begin PBXNativeTarget section */
		82C64CE02CF0ADB300961080 /* URLSession */ = {
			isa = PBXNativeTarget;
			buildConfigurationList = 82C64CF82CF0ADB400961080 /* Build configuration list for PBXNativeTarget "URLSession" */;
			buildPhases = (
				82C64CDD2CF0ADB300961080 /* Sources */,
				82C64CDE2CF0ADB300961080 /* Frameworks */,
				82C64CDF2CF0ADB300961080 /* Resources */,
			);
			buildRules = (
			);
			dependencies = (
			);
			name = URLSession;
			productName = URLSession;
			productReference = 82C64CE12CF0ADB300961080 /* URLSession.app */;
			productType = "com.apple.product-type.application";
		};
/* End PBXNativeTarget section */

/* Begin PBXProject section */
		82C64CD92CF0ADB300961080 /* Project object */ = {
			isa = PBXProject;
			attributes = {
				BuildIndependentTargetsInParallel = 1;
				LastSwiftUpdateCheck = 1540;
				LastUpgradeCheck = 1540;
				TargetAttributes = {
					82C64CE02CF0ADB300961080 = {
						CreatedOnToolsVersion = 15.4;
					};
				};
			};
			buildConfigurationList = 82C64CDC2CF0ADB300961080 /* Build configuration list for PBXProject "URLSession" */;
			compatibilityVersion = "Xcode 14.0";
			developmentRegion = en;
			hasScannedForEncodings = 0;
			knownRegions = (
				en,
				Base,
			);
			mainGroup = 82C64CD82CF0ADB300961080;
			productRefGroup = 82C64CE22CF0ADB300961080 /* Products */;
			projectDirPath = "";
			projectRoot = "";
			targets = (
				82C64CE02CF0ADB300961080 /* URLSession */,
			);
		};
/* End PBXProject section */

/* Begin PBXResourcesBuildPhase section */
		82C64CDF2CF0ADB300961080 /* Resources */ = {
			isa = PBXResourcesBuildPhase;
			buildActionMask = 2147483647;
			files = (
				82C64CF12CF0ADB400961080 /* Assets.xcassets in Resources */,
				82C64CF42CF0ADB400961080 /* Base in Resources */,
			);
			runOnlyForDeploymentPostprocessing = 0;
		};
/* End PBXResourcesBuildPhase section */

/* Begin PBXSourcesBuildPhase section */
		82C64CDD2CF0ADB300961080 /* Sources */ = {
			isa = PBXSourcesBuildPhase;
			buildActionMask = 2147483647;
			files = (
				8289CD682CF0B0670065347F /* TitleSubtitleCell.swift in Sources */,
				82C64CE92CF0ADB300961080 /* MainViewController.swift in Sources */,
				82C64CE52CF0ADB300961080 /* AppDelegate.swift in Sources */,
				82C64CFC2CF0AE4900961080 /* MainViewModel.swift in Sources */,
				8289CD5D2CF0AFB10065347F /* Extension.swift in Sources */,
				8289CD7A2CF0ECA80065347F /* PostDTO.swift in Sources */,
				8289CD782CF0E9390065347F /* CoreAPIHelper.swift in Sources */,
				8289CD722CF0DFE70065347F /* CommentDTO.swift in Sources */,
				8289CD6E2CF0B1740065347F /* BaseViewController.swift in Sources */,
				8289CD5B2CF0AFA20065347F /* LayoutExtension.swift in Sources */,
				8289CD762CF0E89A0065347F /* CoreAPIManager.swift in Sources */,
				8289CD6B2CF0B0A50065347F /* TitleSubtitleProtocol.swift in Sources */,
				82C64CE72CF0ADB300961080 /* SceneDelegate.swift in Sources */,
			);
			runOnlyForDeploymentPostprocessing = 0;
		};
/* End PBXSourcesBuildPhase section */

/* Begin PBXVariantGroup section */
		82C64CF22CF0ADB400961080 /* LaunchScreen.storyboard */ = {
			isa = PBXVariantGroup;
			children = (
				82C64CF32CF0ADB400961080 /* Base */,
			);
			name = LaunchScreen.storyboard;
			sourceTree = "<group>";
		};
/* End PBXVariantGroup section */

/* Begin XCBuildConfiguration section */
		82C64CF62CF0ADB400961080 /* Debug */ = {
			isa = XCBuildConfiguration;
			buildSettings = {
				ALWAYS_SEARCH_USER_PATHS = NO;
				ASSETCATALOG_COMPILER_GENERATE_SWIFT_ASSET_SYMBOL_EXTENSIONS = YES;
				CLANG_ANALYZER_NONNULL = YES;
				CLANG_ANALYZER_NUMBER_OBJECT_CONVERSION = YES_AGGRESSIVE;
				CLANG_CXX_LANGUAGE_STANDARD = "gnu++20";
				CLANG_ENABLE_MODULES = YES;
				CLANG_ENABLE_OBJC_ARC = YES;
				CLANG_ENABLE_OBJC_WEAK = YES;
				CLANG_WARN_BLOCK_CAPTURE_AUTORELEASING = YES;
				CLANG_WARN_BOOL_CONVERSION = YES;
				CLANG_WARN_COMMA = YES;
				CLANG_WARN_CONSTANT_CONVERSION = YES;
				CLANG_WARN_DEPRECATED_OBJC_IMPLEMENTATIONS = YES;
				CLANG_WARN_DIRECT_OBJC_ISA_USAGE = YES_ERROR;
				CLANG_WARN_DOCUMENTATION_COMMENTS = YES;
				CLANG_WARN_EMPTY_BODY = YES;
				CLANG_WARN_ENUM_CONVERSION = YES;
				CLANG_WARN_INFINITE_RECURSION = YES;
				CLANG_WARN_INT_CONVERSION = YES;
				CLANG_WARN_NON_LITERAL_NULL_CONVERSION = YES;
				CLANG_WARN_OBJC_IMPLICIT_RETAIN_SELF = YES;
				CLANG_WARN_OBJC_LITERAL_CONVERSION = YES;
				CLANG_WARN_OBJC_ROOT_CLASS = YES_ERROR;
				CLANG_WARN_QUOTED_INCLUDE_IN_FRAMEWORK_HEADER = YES;
				CLANG_WARN_RANGE_LOOP_ANALYSIS = YES;
				CLANG_WARN_STRICT_PROTOTYPES = YES;
				CLANG_WARN_SUSPICIOUS_MOVE = YES;
				CLANG_WARN_UNGUARDED_AVAILABILITY = YES_AGGRESSIVE;
				CLANG_WARN_UNREACHABLE_CODE = YES;
				CLANG_WARN__DUPLICATE_METHOD_MATCH = YES;
				COPY_PHASE_STRIP = NO;
				DEBUG_INFORMATION_FORMAT = dwarf;
				ENABLE_STRICT_OBJC_MSGSEND = YES;
				ENABLE_TESTABILITY = YES;
				ENABLE_USER_SCRIPT_SANDBOXING = YES;
				GCC_C_LANGUAGE_STANDARD = gnu17;
				GCC_DYNAMIC_NO_PIC = NO;
				GCC_NO_COMMON_BLOCKS = YES;
				GCC_OPTIMIZATION_LEVEL = 0;
				GCC_PREPROCESSOR_DEFINITIONS = (
					"DEBUG=1",
					"$(inherited)",
				);
				GCC_WARN_64_TO_32_BIT_CONVERSION = YES;
				GCC_WARN_ABOUT_RETURN_TYPE = YES_ERROR;
				GCC_WARN_UNDECLARED_SELECTOR = YES;
				GCC_WARN_UNINITIALIZED_AUTOS = YES_AGGRESSIVE;
				GCC_WARN_UNUSED_FUNCTION = YES;
				GCC_WARN_UNUSED_VARIABLE = YES;
				IPHONEOS_DEPLOYMENT_TARGET = 17.5;
				LOCALIZATION_PREFERS_STRING_CATALOGS = YES;
				MTL_ENABLE_DEBUG_INFO = INCLUDE_SOURCE;
				MTL_FAST_MATH = YES;
				ONLY_ACTIVE_ARCH = YES;
				SDKROOT = iphoneos;
				SWIFT_ACTIVE_COMPILATION_CONDITIONS = "DEBUG $(inherited)";
				SWIFT_OPTIMIZATION_LEVEL = "-Onone";
			};
			name = Debug;
		};
		82C64CF72CF0ADB400961080 /* Release */ = {
			isa = XCBuildConfiguration;
			buildSettings = {
				ALWAYS_SEARCH_USER_PATHS = NO;
				ASSETCATALOG_COMPILER_GENERATE_SWIFT_ASSET_SYMBOL_EXTENSIONS = YES;
				CLANG_ANALYZER_NONNULL = YES;
				CLANG_ANALYZER_NUMBER_OBJECT_CONVERSION = YES_AGGRESSIVE;
				CLANG_CXX_LANGUAGE_STANDARD = "gnu++20";
				CLANG_ENABLE_MODULES = YES;
				CLANG_ENABLE_OBJC_ARC = YES;
				CLANG_ENABLE_OBJC_WEAK = YES;
				CLANG_WARN_BLOCK_CAPTURE_AUTORELEASING = YES;
				CLANG_WARN_BOOL_CONVERSION = YES;
				CLANG_WARN_COMMA = YES;
				CLANG_WARN_CONSTANT_CONVERSION = YES;
				CLANG_WARN_DEPRECATED_OBJC_IMPLEMENTATIONS = YES;
				CLANG_WARN_DIRECT_OBJC_ISA_USAGE = YES_ERROR;
				CLANG_WARN_DOCUMENTATION_COMMENTS = YES;
				CLANG_WARN_EMPTY_BODY = YES;
				CLANG_WARN_ENUM_CONVERSION = YES;
				CLANG_WARN_INFINITE_RECURSION = YES;
				CLANG_WARN_INT_CONVERSION = YES;
				CLANG_WARN_NON_LITERAL_NULL_CONVERSION = YES;
				CLANG_WARN_OBJC_IMPLICIT_RETAIN_SELF = YES;
				CLANG_WARN_OBJC_LITERAL_CONVERSION = YES;
				CLANG_WARN_OBJC_ROOT_CLASS = YES_ERROR;
				CLANG_WARN_QUOTED_INCLUDE_IN_FRAMEWORK_HEADER = YES;
				CLANG_WARN_RANGE_LOOP_ANALYSIS = YES;
				CLANG_WARN_STRICT_PROTOTYPES = YES;
				CLANG_WARN_SUSPICIOUS_MOVE = YES;
				CLANG_WARN_UNGUARDED_AVAILABILITY = YES_AGGRESSIVE;
				CLANG_WARN_UNREACHABLE_CODE = YES;
				CLANG_WARN__DUPLICATE_METHOD_MATCH = YES;
				COPY_PHASE_STRIP = NO;
				DEBUG_INFORMATION_FORMAT = "dwarf-with-dsym";
				ENABLE_NS_ASSERTIONS = NO;
				ENABLE_STRICT_OBJC_MSGSEND = YES;
				ENABLE_USER_SCRIPT_SANDBOXING = YES;
				GCC_C_LANGUAGE_STANDARD = gnu17;
				GCC_NO_COMMON_BLOCKS = YES;
				GCC_WARN_64_TO_32_BIT_CONVERSION = YES;
				GCC_WARN_ABOUT_RETURN_TYPE = YES_ERROR;
				GCC_WARN_UNDECLARED_SELECTOR = YES;
				GCC_WARN_UNINITIALIZED_AUTOS = YES_AGGRESSIVE;
				GCC_WARN_UNUSED_FUNCTION = YES;
				GCC_WARN_UNUSED_VARIABLE = YES;
				IPHONEOS_DEPLOYMENT_TARGET = 17.5;
				LOCALIZATION_PREFERS_STRING_CATALOGS = YES;
				MTL_ENABLE_DEBUG_INFO = NO;
				MTL_FAST_MATH = YES;
				SDKROOT = iphoneos;
				SWIFT_COMPILATION_MODE = wholemodule;
				VALIDATE_PRODUCT = YES;
			};
			name = Release;
		};
		82C64CF92CF0ADB400961080 /* Debug */ = {
			isa = XCBuildConfiguration;
			buildSettings = {
				ASSETCATALOG_COMPILER_APPICON_NAME = AppIcon;
				ASSETCATALOG_COMPILER_GLOBAL_ACCENT_COLOR_NAME = AccentColor;
				CODE_SIGN_STYLE = Automatic;
				CURRENT_PROJECT_VERSION = 1;
				DEVELOPMENT_TEAM = UAJFWUV282;
				GENERATE_INFOPLIST_FILE = YES;
				INFOPLIST_FILE = URLSession/Info.plist;
				INFOPLIST_KEY_UIApplicationSupportsIndirectInputEvents = YES;
				INFOPLIST_KEY_UILaunchStoryboardName = LaunchScreen;
				INFOPLIST_KEY_UIMainStoryboardFile = "";
				INFOPLIST_KEY_UISupportedInterfaceOrientations_iPad = "UIInterfaceOrientationPortrait UIInterfaceOrientationPortraitUpsideDown UIInterfaceOrientationLandscapeLeft UIInterfaceOrientationLandscapeRight";
				INFOPLIST_KEY_UISupportedInterfaceOrientations_iPhone = "UIInterfaceOrientationPortrait UIInterfaceOrientationLandscapeLeft UIInterfaceOrientationLandscapeRight";
				LD_RUNPATH_SEARCH_PATHS = (
					"$(inherited)",
					"@executable_path/Frameworks",
				);
				MARKETING_VERSION = 1.0;
				PRODUCT_BUNDLE_IDENTIFIER = com.atl.URLSession;
				PRODUCT_NAME = "$(TARGET_NAME)";
				SUPPORTED_PLATFORMS = "iphoneos iphonesimulator";
				SUPPORTS_MACCATALYST = NO;
				SUPPORTS_MAC_DESIGNED_FOR_IPHONE_IPAD = NO;
				SUPPORTS_XR_DESIGNED_FOR_IPHONE_IPAD = NO;
				SWIFT_EMIT_LOC_STRINGS = YES;
				SWIFT_VERSION = 5.0;
				TARGETED_DEVICE_FAMILY = 1;
			};
			name = Debug;
		};
		82C64CFA2CF0ADB400961080 /* Release */ = {
			isa = XCBuildConfiguration;
			buildSettings = {
				ASSETCATALOG_COMPILER_APPICON_NAME = AppIcon;
				ASSETCATALOG_COMPILER_GLOBAL_ACCENT_COLOR_NAME = AccentColor;
				CODE_SIGN_STYLE = Automatic;
				CURRENT_PROJECT_VERSION = 1;
				DEVELOPMENT_TEAM = UAJFWUV282;
				GENERATE_INFOPLIST_FILE = YES;
				INFOPLIST_FILE = URLSession/Info.plist;
				INFOPLIST_KEY_UIApplicationSupportsIndirectInputEvents = YES;
				INFOPLIST_KEY_UILaunchStoryboardName = LaunchScreen;
				INFOPLIST_KEY_UIMainStoryboardFile = "";
				INFOPLIST_KEY_UISupportedInterfaceOrientations_iPad = "UIInterfaceOrientationPortrait UIInterfaceOrientationPortraitUpsideDown UIInterfaceOrientationLandscapeLeft UIInterfaceOrientationLandscapeRight";
				INFOPLIST_KEY_UISupportedInterfaceOrientations_iPhone = "UIInterfaceOrientationPortrait UIInterfaceOrientationLandscapeLeft UIInterfaceOrientationLandscapeRight";
				LD_RUNPATH_SEARCH_PATHS = (
					"$(inherited)",
					"@executable_path/Frameworks",
				);
				MARKETING_VERSION = 1.0;
				PRODUCT_BUNDLE_IDENTIFIER = com.atl.URLSession;
				PRODUCT_NAME = "$(TARGET_NAME)";
				SUPPORTED_PLATFORMS = "iphoneos iphonesimulator";
				SUPPORTS_MACCATALYST = NO;
				SUPPORTS_MAC_DESIGNED_FOR_IPHONE_IPAD = NO;
				SUPPORTS_XR_DESIGNED_FOR_IPHONE_IPAD = NO;
				SWIFT_EMIT_LOC_STRINGS = YES;
				SWIFT_VERSION = 5.0;
				TARGETED_DEVICE_FAMILY = 1;
			};
			name = Release;
		};
/* End XCBuildConfiguration section */

/* Begin XCConfigurationList section */
		82C64CDC2CF0ADB300961080 /* Build configuration list for PBXProject "URLSession" */ = {
			isa = XCConfigurationList;
			buildConfigurations = (
				82C64CF62CF0ADB400961080 /* Debug */,
				82C64CF72CF0ADB400961080 /* Release */,
			);
			defaultConfigurationIsVisible = 0;
			defaultConfigurationName = Release;
		};
		82C64CF82CF0ADB400961080 /* Build configuration list for PBXNativeTarget "URLSession" */ = {
			isa = XCConfigurationList;
			buildConfigurations = (
				82C64CF92CF0ADB400961080 /* Debug */,
				82C64CFA2CF0ADB400961080 /* Release */,
			);
			defaultConfigurationIsVisible = 0;
			defaultConfigurationName = Release;
		};
/* End XCConfigurationList section */
	};
	rootObject = 82C64CD92CF0ADB300961080 /* Project object */;
}
